
Microsoft Visual Studio Solution File, Format Version 12.00
# Visual Studio Version 17
VisualStudioVersion = 17.7.34024.191
MinimumVisualStudioVersion = 10.0.40219.1
Project("{FAE04EC0-301F-11D3-BF4B-00C04F79EFBC}") = "Trek_Booking_Hotel_3D_API", "Trek_Booking_Hotel_3D_API\Trek_Booking_Hotel_3D_API.csproj", "{00CD8DD9-9479-4DC3-9555-7FFA72DB5FA8}"
EndProject
Project("{FAE04EC0-301F-11D3-BF4B-00C04F79EFBC}") = "Trek_Booking_Repository", "Trek_Booking_Repository\Trek_Booking_Repository.csproj", "{8276F533-0791-4D75-B69B-81E230464EF2}"
EndProject
Project("{FAE04EC0-301F-11D3-BF4B-00C04F79EFBC}") = "Trek_Booking_DataAccess", "Trek_Booking_DataAccess\Trek_Booking_DataAccess.csproj", "{C793546B-9298-44C8-ABFD-E15F52975EB8}"
EndProject
Global
	GlobalSection(SolutionConfigurationPlatforms) = preSolution
		Debug|Any CPU = Debug|Any CPU
		Release|Any CPU = Release|Any CPU
	EndGlobalSection
	GlobalSection(ProjectConfigurationPlatforms) = postSolution
		{00CD8DD9-9479-4DC3-9555-7FFA72DB5FA8}.Debug|Any CPU.ActiveCfg = Debug|Any CPU
		{00CD8DD9-9479-4DC3-9555-7FFA72DB5FA8}.Debug|Any CPU.Build.0 = Debug|Any CPU
		{00CD8DD9-9479-4DC3-9555-7FFA72DB5FA8}.Release|Any CPU.ActiveCfg = Release|Any CPU
		{00CD8DD9-9479-4DC3-9555-7FFA72DB5FA8}.Release|Any CPU.Build.0 = Release|Any CPU
		{8276F533-0791-4D75-B69B-81E230464EF2}.Debug|Any CPU.ActiveCfg = Debug|Any CPU
		{8276F533-0791-4D75-B69B-81E230464EF2}.Debug|Any CPU.Build.0 = Debug|Any CPU
		{8276F533-0791-4D75-B69B-81E230464EF2}.Release|Any CPU.ActiveCfg = Release|Any CPU
		{8276F533-0791-4D75-B69B-81E230464EF2}.Release|Any CPU.Build.0 = Release|Any CPU
		{C793546B-9298-44C8-ABFD-E15F52975EB8}.Debug|Any CPU.ActiveCfg = Debug|Any CPU
		{C793546B-9298-44C8-ABFD-E15F52975EB8}.Debug|Any CPU.Build.0 = Debug|Any CPU
		{C793546B-9298-44C8-ABFD-E15F52975EB8}.Release|Any CPU.ActiveCfg = Release|Any CPU
		{C793546B-9298-44C8-ABFD-E15F52975EB8}.Release|Any CPU.Build.0 = Release|Any CPU
	EndGlobalSection
	GlobalSection(SolutionProperties) = preSolution
		HideSolutionNode = FALSE
	EndGlobalSection
	GlobalSection(ExtensibilityGlobals) = postSolution
		SolutionGuid = {F4E10BB8-8692-41B2-9AB3-7940113E084E}
	EndGlobalSection
EndGlobal
